
Microsoft Visual Studio Solution File, Format Version 12.00
# Visual Studio Version 16
VisualStudioVersion = 16.0.29521.150
MinimumVisualStudioVersion = 10.0.40219.1
Project("{FAE04EC0-301F-11D3-BF4B-00C04F79EFBC}") = "OrleansSimpleQueueCacheTest", "OrleansSimpleQueueCacheTest\OrleansSimpleQueueCacheTest.csproj", "{D2DBFEB3-1FA2-468F-88CE-F85321081AAB}"
EndProject
Global
	GlobalSection(SolutionConfigurationPlatforms) = preSolution
		Debug|Any CPU = Debug|Any CPU
		Release|Any CPU = Release|Any CPU
	EndGlobalSection
	GlobalSection(ProjectConfigurationPlatforms) = postSolution
		{D2DBFEB3-1FA2-468F-88CE-F85321081AAB}.Debug|Any CPU.ActiveCfg = Debug|Any CPU
		{D2DBFEB3-1FA2-468F-88CE-F85321081AAB}.Debug|Any CPU.Build.0 = Debug|Any CPU
		{D2DBFEB3-1FA2-468F-88CE-F85321081AAB}.Release|Any CPU.ActiveCfg = Release|Any CPU
		{D2DBFEB3-1FA2-468F-88CE-F85321081AAB}.Release|Any CPU.Build.0 = Release|Any CPU
	EndGlobalSection
	GlobalSection(SolutionProperties) = preSolution
		HideSolutionNode = FALSE
	EndGlobalSection
	GlobalSection(ExtensibilityGlobals) = postSolution
		SolutionGuid = {27281891-0CEE-4485-8D29-571359C221EC}
	EndGlobalSection
EndGlobal
